
Microsoft Visual Studio Solution File, Format Version 12.00
# Visual Studio Version 17
VisualStudioVersion = 17.5.33424.131
MinimumVisualStudioVersion = 10.0.40219.1
Project("{FAE04EC0-301F-11D3-BF4B-00C04F79EFBC}") = "1 Evaluacion", "1 Evaluacion\1 Evaluacion.csproj", "{41FC85CE-472C-488D-8982-7DE5F62A04C0}"
EndProject
Global
	GlobalSection(SolutionConfigurationPlatforms) = preSolution
		Debug|Any CPU = Debug|Any CPU
		Release|Any CPU = Release|Any CPU
	EndGlobalSection
	GlobalSection(ProjectConfigurationPlatforms) = postSolution
		{41FC85CE-472C-488D-8982-7DE5F62A04C0}.Debug|Any CPU.ActiveCfg = Debug|Any CPU
		{41FC85CE-472C-488D-8982-7DE5F62A04C0}.Debug|Any CPU.Build.0 = Debug|Any CPU
		{41FC85CE-472C-488D-8982-7DE5F62A04C0}.Release|Any CPU.ActiveCfg = Release|Any CPU
		{41FC85CE-472C-488D-8982-7DE5F62A04C0}.Release|Any CPU.Build.0 = Release|Any CPU
	EndGlobalSection
	GlobalSection(SolutionProperties) = preSolution
		HideSolutionNode = FALSE
	EndGlobalSection
	GlobalSection(ExtensibilityGlobals) = postSolution
		SolutionGuid = {998BF1CB-2DAF-4CA9-B06A-B4E11AB41293}
	EndGlobalSection
EndGlobal
