
Microsoft Visual Studio Solution File, Format Version 12.00
# Visual Studio Version 17
VisualStudioVersion = 17.5.33424.131
MinimumVisualStudioVersion = 10.0.40219.1
Project("{FAE04EC0-301F-11D3-BF4B-00C04F79EFBC}") = "BLL", "BLL\BLL.csproj", "{B5805658-FA5E-4967-8FB9-22943D43F47C}"
EndProject
Project("{FAE04EC0-301F-11D3-BF4B-00C04F79EFBC}") = "DAL", "DAL\DAL.csproj", "{C299093C-F9B5-45E3-8D72-D50D989FF6FA}"
EndProject
Project("{FAE04EC0-301F-11D3-BF4B-00C04F79EFBC}") = "UI", "UI\UI.csproj", "{B1B87D2D-698B-4BBD-BC0A-9C993E71F405}"
EndProject
Global
	GlobalSection(SolutionConfigurationPlatforms) = preSolution
		Debug|Any CPU = Debug|Any CPU
		Release|Any CPU = Release|Any CPU
	EndGlobalSection
	GlobalSection(ProjectConfigurationPlatforms) = postSolution
		{B5805658-FA5E-4967-8FB9-22943D43F47C}.Debug|Any CPU.ActiveCfg = Debug|Any CPU
		{B5805658-FA5E-4967-8FB9-22943D43F47C}.Debug|Any CPU.Build.0 = Debug|Any CPU
		{B5805658-FA5E-4967-8FB9-22943D43F47C}.Release|Any CPU.ActiveCfg = Release|Any CPU
		{B5805658-FA5E-4967-8FB9-22943D43F47C}.Release|Any CPU.Build.0 = Release|Any CPU
		{C299093C-F9B5-45E3-8D72-D50D989FF6FA}.Debug|Any CPU.ActiveCfg = Debug|Any CPU
		{C299093C-F9B5-45E3-8D72-D50D989FF6FA}.Debug|Any CPU.Build.0 = Debug|Any CPU
		{C299093C-F9B5-45E3-8D72-D50D989FF6FA}.Release|Any CPU.ActiveCfg = Release|Any CPU
		{C299093C-F9B5-45E3-8D72-D50D989FF6FA}.Release|Any CPU.Build.0 = Release|Any CPU
		{B1B87D2D-698B-4BBD-BC0A-9C993E71F405}.Debug|Any CPU.ActiveCfg = Debug|Any CPU
		{B1B87D2D-698B-4BBD-BC0A-9C993E71F405}.Debug|Any CPU.Build.0 = Debug|Any CPU
		{B1B87D2D-698B-4BBD-BC0A-9C993E71F405}.Release|Any CPU.ActiveCfg = Release|Any CPU
		{B1B87D2D-698B-4BBD-BC0A-9C993E71F405}.Release|Any CPU.Build.0 = Release|Any CPU
	EndGlobalSection
	GlobalSection(SolutionProperties) = preSolution
		HideSolutionNode = FALSE
	EndGlobalSection
	GlobalSection(ExtensibilityGlobals) = postSolution
		SolutionGuid = {9F4241DF-9EED-4A73-916D-9C84D90769AB}
	EndGlobalSection
EndGlobal
